
Microsoft Visual Studio Solution File, Format Version 12.00
# Visual Studio Version 17
VisualStudioVersion = 17.3.32804.467
MinimumVisualStudioVersion = 10.0.40219.1
Project("{9A19103F-16F7-4668-BE54-9A1E7A4F7556}") = "TaskTrackingSystem", "TaskTrackingSystem.csproj", "{846A7117-CCA0-48D2-8B24-DB62FB6594ED}"
EndProject
Project("{9A19103F-16F7-4668-BE54-9A1E7A4F7556}") = "DAL", "..\DAL\DAL.csproj", "{C46E6B47-65CB-4B97-BDB9-C09FDD76DB5B}"
EndProject
Project("{9A19103F-16F7-4668-BE54-9A1E7A4F7556}") = "BLL", "..\BLL\BLL.csproj", "{07224D21-8FCC-46AE-8C5C-2F49B5005290}"
EndProject
Global
	GlobalSection(SolutionConfigurationPlatforms) = preSolution
		Debug|Any CPU = Debug|Any CPU
		Release|Any CPU = Release|Any CPU
	EndGlobalSection
	GlobalSection(ProjectConfigurationPlatforms) = postSolution
		{846A7117-CCA0-48D2-8B24-DB62FB6594ED}.Debug|Any CPU.ActiveCfg = Debug|Any CPU
		{846A7117-CCA0-48D2-8B24-DB62FB6594ED}.Debug|Any CPU.Build.0 = Debug|Any CPU
		{846A7117-CCA0-48D2-8B24-DB62FB6594ED}.Release|Any CPU.ActiveCfg = Release|Any CPU
		{846A7117-CCA0-48D2-8B24-DB62FB6594ED}.Release|Any CPU.Build.0 = Release|Any CPU
		{C46E6B47-65CB-4B97-BDB9-C09FDD76DB5B}.Debug|Any CPU.ActiveCfg = Debug|Any CPU
		{C46E6B47-65CB-4B97-BDB9-C09FDD76DB5B}.Debug|Any CPU.Build.0 = Debug|Any CPU
		{C46E6B47-65CB-4B97-BDB9-C09FDD76DB5B}.Release|Any CPU.ActiveCfg = Release|Any CPU
		{C46E6B47-65CB-4B97-BDB9-C09FDD76DB5B}.Release|Any CPU.Build.0 = Release|Any CPU
		{07224D21-8FCC-46AE-8C5C-2F49B5005290}.Debug|Any CPU.ActiveCfg = Debug|Any CPU
		{07224D21-8FCC-46AE-8C5C-2F49B5005290}.Debug|Any CPU.Build.0 = Debug|Any CPU
		{07224D21-8FCC-46AE-8C5C-2F49B5005290}.Release|Any CPU.ActiveCfg = Release|Any CPU
		{07224D21-8FCC-46AE-8C5C-2F49B5005290}.Release|Any CPU.Build.0 = Release|Any CPU
	EndGlobalSection
	GlobalSection(SolutionProperties) = preSolution
		HideSolutionNode = FALSE
	EndGlobalSection
	GlobalSection(ExtensibilityGlobals) = postSolution
		SolutionGuid = {8DC895EE-0DA6-463B-BE8C-0F37902804F3}
	EndGlobalSection
EndGlobal
